
Microsoft Visual Studio Solution File, Format Version 12.00
# Visual Studio Version 17
VisualStudioVersion = 17.3.32901.215
MinimumVisualStudioVersion = 10.0.40219.1
Project("{FAE04EC0-301F-11D3-BF4B-00C04F79EFBC}") = "Adega", "ConsoleApp1\Adega.csproj", "{442D9371-883F-4569-B019-A53916D589F5}"
EndProject
Project("{FAE04EC0-301F-11D3-BF4B-00C04F79EFBC}") = "Test", "Test\Test.csproj", "{AAF7C42E-31E5-4E30-A5D9-89E3042CD035}"
EndProject
Global
	GlobalSection(SolutionConfigurationPlatforms) = preSolution
		Debug|Any CPU = Debug|Any CPU
		Release|Any CPU = Release|Any CPU
	EndGlobalSection
	GlobalSection(ProjectConfigurationPlatforms) = postSolution
		{442D9371-883F-4569-B019-A53916D589F5}.Debug|Any CPU.ActiveCfg = Debug|Any CPU
		{442D9371-883F-4569-B019-A53916D589F5}.Debug|Any CPU.Build.0 = Debug|Any CPU
		{442D9371-883F-4569-B019-A53916D589F5}.Release|Any CPU.ActiveCfg = Release|Any CPU
		{442D9371-883F-4569-B019-A53916D589F5}.Release|Any CPU.Build.0 = Release|Any CPU
		{AAF7C42E-31E5-4E30-A5D9-89E3042CD035}.Debug|Any CPU.ActiveCfg = Debug|Any CPU
		{AAF7C42E-31E5-4E30-A5D9-89E3042CD035}.Debug|Any CPU.Build.0 = Debug|Any CPU
		{AAF7C42E-31E5-4E30-A5D9-89E3042CD035}.Release|Any CPU.ActiveCfg = Release|Any CPU
		{AAF7C42E-31E5-4E30-A5D9-89E3042CD035}.Release|Any CPU.Build.0 = Release|Any CPU
	EndGlobalSection
	GlobalSection(SolutionProperties) = preSolution
		HideSolutionNode = FALSE
	EndGlobalSection
	GlobalSection(ExtensibilityGlobals) = postSolution
		SolutionGuid = {C1ED1899-790E-4FDE-A645-EED4A7C8DA20}
	EndGlobalSection
EndGlobal
